// !$*UTF8*$!
{
	archiveVersion = 1;
	classes = {
	};
	objectVersion = 50;
	objects = {

/* Begin PBXBuildFile section */
		9B107DC124A921A2009B15C1 /* OptionalImage.swift in Sources */ = {isa = PBXBuildFile; fileRef = 9B107DC024A921A2009B15C1 /* OptionalImage.swift */; };
		9B107DC324AC6214009B15C1 /* AnimatableSystemFontModifier.swift in Sources */ = {isa = PBXBuildFile; fileRef = 9B107DC224AC6214009B15C1 /* AnimatableSystemFontModifier.swift */; };
		9BEF197B24A5F0E6003E8E70 /* AppDelegate.swift in Sources */ = {isa = PBXBuildFile; fileRef = 9BEF197A24A5F0E6003E8E70 /* AppDelegate.swift */; };
		9BEF197D24A5F0E6003E8E70 /* SceneDelegate.swift in Sources */ = {isa = PBXBuildFile; fileRef = 9BEF197C24A5F0E6003E8E70 /* SceneDelegate.swift */; };
		9BEF197F24A5F0E6003E8E70 /* EmojiArtDocumentView.swift in Sources */ = {isa = PBXBuildFile; fileRef = 9BEF197E24A5F0E6003E8E70 /* EmojiArtDocumentView.swift */; };
		9BEF198124A5F0EE003E8E70 /* Assets.xcassets in Resources */ = {isa = PBXBuildFile; fileRef = 9BEF198024A5F0EE003E8E70 /* Assets.xcassets */; };
		9BEF198424A5F0EE003E8E70 /* Preview Assets.xcassets in Resources */ = {isa = PBXBuildFile; fileRef = 9BEF198324A5F0EE003E8E70 /* Preview Assets.xcassets */; };
		9BEF198724A5F0EE003E8E70 /* LaunchScreen.storyboard in Resources */ = {isa = PBXBuildFile; fileRef = 9BEF198524A5F0EE003E8E70 /* LaunchScreen.storyboard */; };
		9BEF198F24A5F15A003E8E70 /* EmojiArtDocument.swift in Sources */ = {isa = PBXBuildFile; fileRef = 9BEF198E24A5F15A003E8E70 /* EmojiArtDocument.swift */; };
		9BEF199124A5F6C9003E8E70 /* EmojiArt.swift in Sources */ = {isa = PBXBuildFile; fileRef = 9BEF199024A5F6C9003E8E70 /* EmojiArt.swift */; };
		9BEF199324A5FB4F003E8E70 /* EmojiArtExtensions.swift in Sources */ = {isa = PBXBuildFile; fileRef = 9BEF199224A5FB4F003E8E70 /* EmojiArtExtensions.swift */; };
/* End PBXBuildFile section */

/* Begin PBXFileReference section */
		9B107DC024A921A2009B15C1 /* OptionalImage.swift */ = {isa = PBXFileReference; lastKnownFileType = sourcecode.swift; path = OptionalImage.swift; sourceTree = "<group>"; };
		9B107DC224AC6214009B15C1 /* AnimatableSystemFontModifier.swift */ = {isa = PBXFileReference; fileEncoding = 4; lastKnownFileType = sourcecode.swift; path = AnimatableSystemFontModifier.swift; sourceTree = "<group>"; };
		9BEF197724A5F0E6003E8E70 /* EmojiArt.app */ = {isa = PBXFileReference; explicitFileType = wrapper.application; includeInIndex = 0; path = EmojiArt.app; sourceTree = BUILT_PRODUCTS_DIR; };
		9BEF197A24A5F0E6003E8E70 /* AppDelegate.swift */ = {isa = PBXFileReference; lastKnownFileType = sourcecode.swift; path = AppDelegate.swift; sourceTree = "<group>"; };
		9BEF197C24A5F0E6003E8E70 /* SceneDelegate.swift */ = {isa = PBXFileReference; lastKnownFileType = sourcecode.swift; path = SceneDelegate.swift; sourceTree = "<group>"; };
		9BEF197E24A5F0E6003E8E70 /* EmojiArtDocumentView.swift */ = {isa = PBXFileReference; lastKnownFileType = sourcecode.swift; path = EmojiArtDocumentView.swift; sourceTree = "<group>"; };
		9BEF198024A5F0EE003E8E70 /* Assets.xcassets */ = {isa = PBXFileReference; lastKnownFileType = folder.assetcatalog; path = Assets.xcassets; sourceTree = "<group>"; };
		9BEF198324A5F0EE003E8E70 /* Preview Assets.xcassets */ = {isa = PBXFileReference; lastKnownFileType = folder.assetcatalog; path = "Preview Assets.xcassets"; sourceTree = "<group>"; };
		9BEF198624A5F0EE003E8E70 /* Base */ = {isa = PBXFileReference; lastKnownFileType = file.storyboard; name = Base; path = Base.lproj/LaunchScreen.storyboard; sourceTree = "<group>"; };
		9BEF198824A5F0EE003E8E70 /* Info.plist */ = {isa = PBXFileReference; lastKnownFileType = text.plist.xml; path = Info.plist; sourceTree = "<group>"; };
		9BEF198E24A5F15A003E8E70 /* EmojiArtDocument.swift */ = {isa = PBXFileReference; lastKnownFileType = sourcecode.swift; path = EmojiArtDocument.swift; sourceTree = SOURCE_ROOT; };
		9BEF199024A5F6C9003E8E70 /* EmojiArt.swift */ = {isa = PBXFileReference; lastKnownFileType = sourcecode.swift; path = EmojiArt.swift; sourceTree = "<group>"; };
		9BEF199224A5FB4F003E8E70 /* EmojiArtExtensions.swift */ = {isa = PBXFileReference; fileEncoding = 4; lastKnownFileType = sourcecode.swift; path = EmojiArtExtensions.swift; sourceTree = "<group>"; };
/* End PBXFileReference section */

/* Begin PBXFrameworksBuildPhase section */
		9BEF197424A5F0E6003E8E70 /* Frameworks */ = {
			isa = PBXFrameworksBuildPhase;
			buildActionMask = 2147483647;
			files = (
			);
			runOnlyForDeploymentPostprocessing = 0;
		};
/* End PBXFrameworksBuildPhase section */

/* Begin PBXGroup section */
		9BEF196E24A5F0E6003E8E70 = {
			isa = PBXGroup;
			children = (
				9BEF197924A5F0E6003E8E70 /* EmojiArt */,
				9BEF197824A5F0E6003E8E70 /* Products */,
			);
			sourceTree = "<group>";
		};
		9BEF197824A5F0E6003E8E70 /* Products */ = {
			isa = PBXGroup;
			children = (
				9BEF197724A5F0E6003E8E70 /* EmojiArt.app */,
			);
			name = Products;
			sourceTree = "<group>";
		};
		9BEF197924A5F0E6003E8E70 /* EmojiArt */ = {
			isa = PBXGroup;
			children = (
				9B107DC224AC6214009B15C1 /* AnimatableSystemFontModifier.swift */,
				9BEF197A24A5F0E6003E8E70 /* AppDelegate.swift */,
				9BEF198024A5F0EE003E8E70 /* Assets.xcassets */,
				9BEF199024A5F6C9003E8E70 /* EmojiArt.swift */,
				9BEF198E24A5F15A003E8E70 /* EmojiArtDocument.swift */,
				9BEF197E24A5F0E6003E8E70 /* EmojiArtDocumentView.swift */,
				9BEF199224A5FB4F003E8E70 /* EmojiArtExtensions.swift */,
				9BEF198824A5F0EE003E8E70 /* Info.plist */,
				9BEF198524A5F0EE003E8E70 /* LaunchScreen.storyboard */,
				9B107DC024A921A2009B15C1 /* OptionalImage.swift */,
				9BEF198224A5F0EE003E8E70 /* Preview Content */,
				9BEF197C24A5F0E6003E8E70 /* SceneDelegate.swift */,
			);
			path = EmojiArt;
			sourceTree = "<group>";
		};
		9BEF198224A5F0EE003E8E70 /* Preview Content */ = {
			isa = PBXGroup;
			children = (
				9BEF198324A5F0EE003E8E70 /* Preview Assets.xcassets */,
			);
			path = "Preview Content";
			sourceTree = "<group>";
		};
/* End PBXGroup section */

/* Begin PBXNativeTarget section */
		9BEF197624A5F0E6003E8E70 /* EmojiArt */ = {
			isa = PBXNativeTarget;
			buildConfigurationList = 9BEF198B24A5F0EE003E8E70 /* Build configuration list for PBXNativeTarget "EmojiArt" */;
			buildPhases = (
				9BEF197324A5F0E6003E8E70 /* Sources */,
				9BEF197424A5F0E6003E8E70 /* Frameworks */,
				9BEF197524A5F0E6003E8E70 /* Resources */,
			);
			buildRules = (
			);
			dependencies = (
			);
			name = EmojiArt;
			productName = EmojiArt;
			productReference = 9BEF197724A5F0E6003E8E70 /* EmojiArt.app */;
			productType = "com.apple.product-type.application";
		};
/* End PBXNativeTarget section */

/* Begin PBXProject section */
		9BEF196F24A5F0E6003E8E70 /* Project object */ = {
			isa = PBXProject;
			attributes = {
				LastSwiftUpdateCheck = 1150;
				LastUpgradeCheck = 1150;
				ORGANIZATIONNAME = "Kim Torberntsson";
				TargetAttributes = {
					9BEF197624A5F0E6003E8E70 = {
						CreatedOnToolsVersion = 11.5;
					};
				};
			};
			buildConfigurationList = 9BEF197224A5F0E6003E8E70 /* Build configuration list for PBXProject "EmojiArt" */;
			compatibilityVersion = "Xcode 9.3";
			developmentRegion = en;
			hasScannedForEncodings = 0;
			knownRegions = (
				en,
				Base,
			);
			mainGroup = 9BEF196E24A5F0E6003E8E70;
			productRefGroup = 9BEF197824A5F0E6003E8E70 /* Products */;
			projectDirPath = "";
			projectRoot = "";
			targets = (
				9BEF197624A5F0E6003E8E70 /* EmojiArt */,
			);
		};
/* End PBXProject section */

/* Begin PBXResourcesBuildPhase section */
		9BEF197524A5F0E6003E8E70 /* Resources */ = {
			isa = PBXResourcesBuildPhase;
			buildActionMask = 2147483647;
			files = (
				9BEF198724A5F0EE003E8E70 /* LaunchScreen.storyboard in Resources */,
				9BEF198424A5F0EE003E8E70 /* Preview Assets.xcassets in Resources */,
				9BEF198124A5F0EE003E8E70 /* Assets.xcassets in Resources */,
			);
			runOnlyForDeploymentPostprocessing = 0;
		};
/* End PBXResourcesBuildPhase section */

/* Begin PBXSourcesBuildPhase section */
		9BEF197324A5F0E6003E8E70 /* Sources */ = {
			isa = PBXSourcesBuildPhase;
			buildActionMask = 2147483647;
			files = (
				9BEF197B24A5F0E6003E8E70 /* AppDelegate.swift in Sources */,
				9BEF197D24A5F0E6003E8E70 /* SceneDelegate.swift in Sources */,
				9BEF199324A5FB4F003E8E70 /* EmojiArtExtensions.swift in Sources */,
				9BEF199124A5F6C9003E8E70 /* EmojiArt.swift in Sources */,
				9BEF197F24A5F0E6003E8E70 /* EmojiArtDocumentView.swift in Sources */,
				9B107DC124A921A2009B15C1 /* OptionalImage.swift in Sources */,
				9B107DC324AC6214009B15C1 /* AnimatableSystemFontModifier.swift in Sources */,
				9BEF198F24A5F15A003E8E70 /* EmojiArtDocument.swift in Sources */,
			);
			runOnlyForDeploymentPostprocessing = 0;
		};
/* End PBXSourcesBuildPhase section */

/* Begin PBXVariantGroup section */
		9BEF198524A5F0EE003E8E70 /* LaunchScreen.storyboard */ = {
			isa = PBXVariantGroup;
			children = (
				9BEF198624A5F0EE003E8E70 /* Base */,
			);
			name = LaunchScreen.storyboard;
			sourceTree = "<group>";
		};
/* End PBXVariantGroup section */

/* Begin XCBuildConfiguration section */
		9BEF198924A5F0EE003E8E70 /* Debug */ = {
			isa = XCBuildConfiguration;
			buildSettings = {
				ALWAYS_SEARCH_USER_PATHS = NO;
				CLANG_ANALYZER_NONNULL = YES;
				CLANG_ANALYZER_NUMBER_OBJECT_CONVERSION = YES_AGGRESSIVE;
				CLANG_CXX_LANGUAGE_STANDARD = "gnu++14";
				CLANG_CXX_LIBRARY = "libc++";
				CLANG_ENABLE_MODULES = YES;
				CLANG_ENABLE_OBJC_ARC = YES;
				CLANG_ENABLE_OBJC_WEAK = YES;
				CLANG_WARN_BLOCK_CAPTURE_AUTORELEASING = YES;
				CLANG_WARN_BOOL_CONVERSION = YES;
				CLANG_WARN_COMMA = YES;
				CLANG_WARN_CONSTANT_CONVERSION = YES;
				CLANG_WARN_DEPRECATED_OBJC_IMPLEMENTATIONS = YES;
				CLANG_WARN_DIRECT_OBJC_ISA_USAGE = YES_ERROR;
				CLANG_WARN_DOCUMENTATION_COMMENTS = YES;
				CLANG_WARN_EMPTY_BODY = YES;
				CLANG_WARN_ENUM_CONVERSION = YES;
				CLANG_WARN_INFINITE_RECURSION = YES;
				CLANG_WARN_INT_CONVERSION = YES;
				CLANG_WARN_NON_LITERAL_NULL_CONVERSION = YES;
				CLANG_WARN_OBJC_IMPLICIT_RETAIN_SELF = YES;
				CLANG_WARN_OBJC_LITERAL_CONVERSION = YES;
				CLANG_WARN_OBJC_ROOT_CLASS = YES_ERROR;
				CLANG_WARN_RANGE_LOOP_ANALYSIS = YES;
				CLANG_WARN_STRICT_PROTOTYPES = YES;
				CLANG_WARN_SUSPICIOUS_MOVE = YES;
				CLANG_WARN_UNGUARDED_AVAILABILITY = YES_AGGRESSIVE;
				CLANG_WARN_UNREACHABLE_CODE = YES;
				CLANG_WARN__DUPLICATE_METHOD_MATCH = YES;
				COPY_PHASE_STRIP = NO;
				DEBUG_INFORMATION_FORMAT = dwarf;
				ENABLE_STRICT_OBJC_MSGSEND = YES;
				ENABLE_TESTABILITY = YES;
				GCC_C_LANGUAGE_STANDARD = gnu11;
				GCC_DYNAMIC_NO_PIC = NO;
				GCC_NO_COMMON_BLOCKS = YES;
				GCC_OPTIMIZATION_LEVEL = 0;
				GCC_PREPROCESSOR_DEFINITIONS = (
					"DEBUG=1",
					"$(inherited)",
				);
				GCC_WARN_64_TO_32_BIT_CONVERSION = YES;
				GCC_WARN_ABOUT_RETURN_TYPE = YES_ERROR;
				GCC_WARN_UNDECLARED_SELECTOR = YES;
				GCC_WARN_UNINITIALIZED_AUTOS = YES_AGGRESSIVE;
				GCC_WARN_UNUSED_FUNCTION = YES;
				GCC_WARN_UNUSED_VARIABLE = YES;
				IPHONEOS_DEPLOYMENT_TARGET = 13.5;
				MTL_ENABLE_DEBUG_INFO = INCLUDE_SOURCE;
				MTL_FAST_MATH = YES;
				ONLY_ACTIVE_ARCH = YES;
				SDKROOT = iphoneos;
				SWIFT_ACTIVE_COMPILATION_CONDITIONS = DEBUG;
				SWIFT_OPTIMIZATION_LEVEL = "-Onone";
			};
			name = Debug;
		};
		9BEF198A24A5F0EE003E8E70 /* Release */ = {
			isa = XCBuildConfiguration;
			buildSettings = {
				ALWAYS_SEARCH_USER_PATHS = NO;
				CLANG_ANALYZER_NONNULL = YES;
				CLANG_ANALYZER_NUMBER_OBJECT_CONVERSION = YES_AGGRESSIVE;
				CLANG_CXX_LANGUAGE_STANDARD = "gnu++14";
				CLANG_CXX_LIBRARY = "libc++";
				CLANG_ENABLE_MODULES = YES;
				CLANG_ENABLE_OBJC_ARC = YES;
				CLANG_ENABLE_OBJC_WEAK = YES;
				CLANG_WARN_BLOCK_CAPTURE_AUTORELEASING = YES;
				CLANG_WARN_BOOL_CONVERSION = YES;
				CLANG_WARN_COMMA = YES;
				CLANG_WARN_CONSTANT_CONVERSION = YES;
				CLANG_WARN_DEPRECATED_OBJC_IMPLEMENTATIONS = YES;
				CLANG_WARN_DIRECT_OBJC_ISA_USAGE = YES_ERROR;
				CLANG_WARN_DOCUMENTATION_COMMENTS = YES;
				CLANG_WARN_EMPTY_BODY = YES;
				CLANG_WARN_ENUM_CONVERSION = YES;
				CLANG_WARN_INFINITE_RECURSION = YES;
				CLANG_WARN_INT_CONVERSION = YES;
				CLANG_WARN_NON_LITERAL_NULL_CONVERSION = YES;
				CLANG_WARN_OBJC_IMPLICIT_RETAIN_SELF = YES;
				CLANG_WARN_OBJC_LITERAL_CONVERSION = YES;
				CLANG_WARN_OBJC_ROOT_CLASS = YES_ERROR;
				CLANG_WARN_RANGE_LOOP_ANALYSIS = YES;
				CLANG_WARN_STRICT_PROTOTYPES = YES;
				CLANG_WARN_SUSPICIOUS_MOVE = YES;
				CLANG_WARN_UNGUARDED_AVAILABILITY = YES_AGGRESSIVE;
				CLANG_WARN_UNREACHABLE_CODE = YES;
				CLANG_WARN__DUPLICATE_METHOD_MATCH = YES;
				COPY_PHASE_STRIP = NO;
				DEBUG_INFORMATION_FORMAT = "dwarf-with-dsym";
				ENABLE_NS_ASSERTIONS = NO;
				ENABLE_STRICT_OBJC_MSGSEND = YES;
				GCC_C_LANGUAGE_STANDARD = gnu11;
				GCC_NO_COMMON_BLOCKS = YES;
				GCC_WARN_64_TO_32_BIT_CONVERSION = YES;
				GCC_WARN_ABOUT_RETURN_TYPE = YES_ERROR;
				GCC_WARN_UNDECLARED_SELECTOR = YES;
				GCC_WARN_UNINITIALIZED_AUTOS = YES_AGGRESSIVE;
				GCC_WARN_UNUSED_FUNCTION = YES;
				GCC_WARN_UNUSED_VARIABLE = YES;
				IPHONEOS_DEPLOYMENT_TARGET = 13.5;
				MTL_ENABLE_DEBUG_INFO = NO;
				MTL_FAST_MATH = YES;
				SDKROOT = iphoneos;
				SWIFT_COMPILATION_MODE = wholemodule;
				SWIFT_OPTIMIZATION_LEVEL = "-O";
				VALIDATE_PRODUCT = YES;
			};
			name = Release;
		};
		9BEF198C24A5F0EE003E8E70 /* Debug */ = {
			isa = XCBuildConfiguration;
			buildSettings = {
				ASSETCATALOG_COMPILER_APPICON_NAME = AppIcon;
				CODE_SIGN_STYLE = Automatic;
				DEVELOPMENT_ASSET_PATHS = "\"EmojiArt/Preview Content\"";
				ENABLE_PREVIEWS = YES;
				INFOPLIST_FILE = EmojiArt/Info.plist;
				LD_RUNPATH_SEARCH_PATHS = (
					"$(inherited)",
					"@executable_path/Frameworks",
				);
				PRODUCT_BUNDLE_IDENTIFIER = "kim.torberntsson-gmail.com.EmojiArt";
				PRODUCT_NAME = "$(TARGET_NAME)";
				SWIFT_VERSION = 5.0;
				TARGETED_DEVICE_FAMILY = "1,2";
			};
			name = Debug;
		};
		9BEF198D24A5F0EE003E8E70 /* Release */ = {
			isa = XCBuildConfiguration;
			buildSettings = {
				ASSETCATALOG_COMPILER_APPICON_NAME = AppIcon;
				CODE_SIGN_STYLE = Automatic;
				DEVELOPMENT_ASSET_PATHS = "\"EmojiArt/Preview Content\"";
				ENABLE_PREVIEWS = YES;
				INFOPLIST_FILE = EmojiArt/Info.plist;
				LD_RUNPATH_SEARCH_PATHS = (
					"$(inherited)",
					"@executable_path/Frameworks",
				);
				PRODUCT_BUNDLE_IDENTIFIER = "kim.torberntsson-gmail.com.EmojiArt";
				PRODUCT_NAME = "$(TARGET_NAME)";
				SWIFT_VERSION = 5.0;
				TARGETED_DEVICE_FAMILY = "1,2";
			};
			name = Release;
		};
/* End XCBuildConfiguration section */

/* Begin XCConfigurationList section */
		9BEF197224A5F0E6003E8E70 /* Build configuration list for PBXProject "EmojiArt" */ = {
			isa = XCConfigurationList;
			buildConfigurations = (
				9BEF198924A5F0EE003E8E70 /* Debug */,
				9BEF198A24A5F0EE003E8E70 /* Release */,
			);
			defaultConfigurationIsVisible = 0;
			defaultConfigurationName = Release;
		};
		9BEF198B24A5F0EE003E8E70 /* Build configuration list for PBXNativeTarget "EmojiArt" */ = {
			isa = XCConfigurationList;
			buildConfigurations = (
				9BEF198C24A5F0EE003E8E70 /* Debug */,
				9BEF198D24A5F0EE003E8E70 /* Release */,
			);
			defaultConfigurationIsVisible = 0;
			defaultConfigurationName = Release;
		};
/* End XCConfigurationList section */
	};
	rootObject = 9BEF196F24A5F0E6003E8E70 /* Project object */;
}
